
Microsoft Visual Studio Solution File, Format Version 12.00
# Visual Studio 14
VisualStudioVersion = 14.0.24720.0
MinimumVisualStudioVersion = 10.0.40219.1
Project("{FAE04EC0-301F-11D3-BF4B-00C04F79EFBC}") = "fieldtool", "fieldtool.csproj", "{69698469-7C2B-4E2A-8C0C-7AC30A9505C6}"
EndProject
Project("{FAE04EC0-301F-11D3-BF4B-00C04F79EFBC}") = "fieldtool.Data", "fieldtool.Data\fieldtool.Data.csproj", "{61FCEF23-C5E8-4E24-9002-63D87BFDACDD}"
EndProject
Project("{FAE04EC0-301F-11D3-BF4B-00C04F79EFBC}") = "fieldtool.Test", "fieldtool.Test\fieldtool.Test\fieldtool.Test.csproj", "{EA3A7122-7FCB-496C-80F6-80600C80F581}"
EndProject
Project("{FAE04EC0-301F-11D3-BF4B-00C04F79EFBC}") = "fieldtool.FrameworkExt", "fieldtool.FrameworkExt\fieldtool.FrameworkExt\fieldtool.FrameworkExt.csproj", "{83D95194-4AA0-46B0-832D-4CF9D3EA5A28}"
EndProject
Global
	GlobalSection(SolutionConfigurationPlatforms) = preSolution
		Debug|Any CPU = Debug|Any CPU
		Release|Any CPU = Release|Any CPU
	EndGlobalSection
	GlobalSection(ProjectConfigurationPlatforms) = postSolution
		{69698469-7C2B-4E2A-8C0C-7AC30A9505C6}.Debug|Any CPU.ActiveCfg = Debug|Any CPU
		{69698469-7C2B-4E2A-8C0C-7AC30A9505C6}.Debug|Any CPU.Build.0 = Debug|Any CPU
		{69698469-7C2B-4E2A-8C0C-7AC30A9505C6}.Release|Any CPU.ActiveCfg = Release|Any CPU
		{69698469-7C2B-4E2A-8C0C-7AC30A9505C6}.Release|Any CPU.Build.0 = Release|Any CPU
		{61FCEF23-C5E8-4E24-9002-63D87BFDACDD}.Debug|Any CPU.ActiveCfg = Debug|Any CPU
		{61FCEF23-C5E8-4E24-9002-63D87BFDACDD}.Debug|Any CPU.Build.0 = Debug|Any CPU
		{61FCEF23-C5E8-4E24-9002-63D87BFDACDD}.Release|Any CPU.ActiveCfg = Release|Any CPU
		{61FCEF23-C5E8-4E24-9002-63D87BFDACDD}.Release|Any CPU.Build.0 = Release|Any CPU
		{EA3A7122-7FCB-496C-80F6-80600C80F581}.Debug|Any CPU.ActiveCfg = Debug|Any CPU
		{EA3A7122-7FCB-496C-80F6-80600C80F581}.Debug|Any CPU.Build.0 = Debug|Any CPU
		{EA3A7122-7FCB-496C-80F6-80600C80F581}.Release|Any CPU.ActiveCfg = Release|Any CPU
		{EA3A7122-7FCB-496C-80F6-80600C80F581}.Release|Any CPU.Build.0 = Release|Any CPU
		{83D95194-4AA0-46B0-832D-4CF9D3EA5A28}.Debug|Any CPU.ActiveCfg = Debug|Any CPU
		{83D95194-4AA0-46B0-832D-4CF9D3EA5A28}.Debug|Any CPU.Build.0 = Debug|Any CPU
		{83D95194-4AA0-46B0-832D-4CF9D3EA5A28}.Release|Any CPU.ActiveCfg = Release|Any CPU
		{83D95194-4AA0-46B0-832D-4CF9D3EA5A28}.Release|Any CPU.Build.0 = Release|Any CPU
	EndGlobalSection
	GlobalSection(SolutionProperties) = preSolution
		HideSolutionNode = FALSE
	EndGlobalSection
EndGlobal
